
Microsoft Visual Studio Solution File, Format Version 12.00
# Visual Studio Version 16
VisualStudioVersion = 16.0.31624.102
MinimumVisualStudioVersion = 10.0.40219.1
Project("{FAE04EC0-301F-11D3-BF4B-00C04F79EFBC}") = "K-amazon", "K-amazon.csproj", "{C2BF0E62-F279-4336-A123-59051E7F3539}"
EndProject
Global
	GlobalSection(SolutionConfigurationPlatforms) = preSolution
		Debug|Any CPU = Debug|Any CPU
		Release|Any CPU = Release|Any CPU
	EndGlobalSection
	GlobalSection(ProjectConfigurationPlatforms) = postSolution
		{C2BF0E62-F279-4336-A123-59051E7F3539}.Debug|Any CPU.ActiveCfg = Debug|Any CPU
		{C2BF0E62-F279-4336-A123-59051E7F3539}.Debug|Any CPU.Build.0 = Debug|Any CPU
		{C2BF0E62-F279-4336-A123-59051E7F3539}.Release|Any CPU.ActiveCfg = Release|Any CPU
		{C2BF0E62-F279-4336-A123-59051E7F3539}.Release|Any CPU.Build.0 = Release|Any CPU
	EndGlobalSection
	GlobalSection(SolutionProperties) = preSolution
		HideSolutionNode = FALSE
	EndGlobalSection
	GlobalSection(ExtensibilityGlobals) = postSolution
		SolutionGuid = {6AB3C020-ABC6-453A-8BAD-1EAD7B03FA7F}
	EndGlobalSection
EndGlobal
